github.com/BurntSushi/toml v1.5.0 h1:W5quZX/G/csjUnuI8SUYlsHs9M38FC7znL0lIO+DvMg=
github.com/BurntSushi/toml v1.5.0/go.mod h1:ukJfTF/6rtPPRCnwkur4qwRxa8vTRFBF0uk2lLoLwho=
github.com/direnv/direnv/v2 v2.37.1 h1:9gFmPfpWE0G7oP9cBzve+sL5PALgJcEqxwI30A52zoM=
github.com/direnv/direnv/v2 v2.37.1/go.mod h1:hWKNkZYuRBukJ9zuzpTeZ8gAVFH1YyMHHGou1NNiEDU=
github.com/google/go-cmp v0.6.0 h1:ofyhxvXcZhMsU5ulbFiLKl/XBFqE1GSq7atu8tAmTRI=
github.com/google/go-cmp v0.6.0/go.mod h1:17dUlkBOakJ0+DkrSSNjCkIjxS6bF9zb3elmeNGIjoY=
github.com/mattn/go-isatty v0.0.20 h1:xfD0iDuEKnDkl03q4limB+vH+GxLEtL/jb4xVJSWWEY=
github.com/mattn/go-isatty v0.0.20/go.mod h1:W+V8PltTTMOvKvAeJH7IuucS94S2C6jfK/D7dTCTo3Y=
goforge.dev/goplus v0.138.0 h1:NcbxggPA1Sq0jEPb+c6nF0K4zKJGOVgjwKbD/9x/LT4=
goforge.dev/goplus v0.138.0/go.mod h1:CklVikk0gL9Pkk3A0h7f4gPTPfn0fOquW/beuOC8CCw=
goforge.dev/goplus/std v0.204.0 h1:P3vkAmPpHoEhNRK81IDx2qHY+0GC57j/dK6Tgb2gO00=
goforge.dev/goplus/std v0.204.0/go.mod h1:kr7uOTXhg4p16dGLzGTBnVBsteQnUo3e/5XU055m1PM=
goforge.dev/goplus/std v0.207.0 h1:vpSn9yuctlYLcN+8xj6Wkg1iYzhjZ9Yo3Mtd1kezG/0=
goforge.dev/goplus/std v0.207.0/go.mod h1:kr7uOTXhg4p16dGLzGTBnVBsteQnUo3e/5XU055m1PM=
golang.org/x/mod v0.38.0 h1:MECBjubtXD7yj4HrhIUcywNaGeNVUdfVnxmPajOk4yk=
golang.org/x/mod v0.38.0/go.mod h1:V6Xz0pq8TQ3dGqVQ1FVHuelZpAL0uNhSkk9ogYP3c40=
golang.org/x/sync v0.22.0 h1:SZjpbeLmrCk4xhRSZFNZW5gFUeCeFgjekvI/+gfScek=
golang.org/x/sync v0.22.0/go.mod h1:9xrNwdLfx4jkKbNva9FpL6vEN7evnE43NNNJQ2LF3+0=
golang.org/x/sys v0.6.0/go.mod h1:oPkhp1MJrh7nUepCBck5+mAzfO9JrbApNNgaTdGDITg=
golang.org/x/sys v0.47.0 h1:o7XGOvZQCADBQQ4Y7VNq2dRWQR7JmOUW8Kxx4ZsNgWs=
golang.org/x/sys v0.47.0/go.mod h1:4GL1E5IUh+htKOUEOaiffhrAeqysfVGipDYzABqnCmw=
golang.org/x/tools v0.48.0 h1:3+hClM1aLL5mjMKm5ovokw9epgRXPuu2tILgismM6RE=
golang.org/x/tools v0.48.0/go.mod h1:08xX0orndb/F7jJxGDicx061tyd5pcMto75YMAXr6lk=
